# THIS IS AN AUTOGENERATED FILE. DO NOT EDIT THIS FILE DIRECTLY.
# yarn lockfile v1


"@tanstack/table-core@8.20.1":
  version "8.20.1"
  resolved "https://registry.yarnpkg.com/@tanstack/table-core/-/table-core-8.20.1.tgz#74bfab10fa35bed51fa0bd2f3539a331d7e78f1b"
  integrity sha512-5Ly5TIRHnWH7vSDell9B/OVyV380qqIJVg7H7R7jU4fPEmOD4smqAX7VRflpYI09srWR8aj5OLD2Ccs1pI5mTg==

"@tanstack/vue-table@^8.20.4":
  version "8.20.4"
  resolved "https://registry.yarnpkg.com/@tanstack/vue-table/-/vue-table-8.20.4.tgz#877518754f715895bb0a52f6faddcc140ed600b8"
  integrity sha512-84SCWnX8H44beXvtkLt11hYfvzNSwb9wHfSQkp64vsCh3ITPqT55oVD7I35JR++7u1BFzjzrfOGjhPj70CYUcw==
  dependencies:
    "@tanstack/table-core" "8.20.1"
